
Microsoft Visual Studio Solution File, Format Version 12.00
# Visual Studio 15
VisualStudioVersion = 15.0.25428.1
MinimumVisualStudioVersion = 10.0.40219.1
Project("{FAE04EC0-301F-11D3-BF4B-00C04F79EFBC}") = "UseCaseHelper", "UseCaseHelper.csproj", "{C35E495E-A6ED-4965-989C-6520BAE3E635}"
EndProject
Project("{FAE04EC0-301F-11D3-BF4B-00C04F79EFBC}") = "UseCaseHelper.Domain", "..\UseCaseHelper.Domain\UseCaseHelper.Domain.csproj", "{7AF7E8CF-A90C-4F59-966C-47E3CE75D1DC}"
EndProject
Project("{FAE04EC0-301F-11D3-BF4B-00C04F79EFBC}") = "UseCaseHelper.Controls", "..\UseCaseHelper.Controls\UseCaseHelper.Controls.csproj", "{2B793D5E-A427-4C57-B18F-25A5921EFFC8}"
EndProject
Global
	GlobalSection(SolutionConfigurationPlatforms) = preSolution
		Debug|Any CPU = Debug|Any CPU
		Release|Any CPU = Release|Any CPU
	EndGlobalSection
	GlobalSection(ProjectConfigurationPlatforms) = postSolution
		{C35E495E-A6ED-4965-989C-6520BAE3E635}.Debug|Any CPU.ActiveCfg = Debug|Any CPU
		{C35E495E-A6ED-4965-989C-6520BAE3E635}.Debug|Any CPU.Build.0 = Debug|Any CPU
		{C35E495E-A6ED-4965-989C-6520BAE3E635}.Release|Any CPU.ActiveCfg = Release|Any CPU
		{C35E495E-A6ED-4965-989C-6520BAE3E635}.Release|Any CPU.Build.0 = Release|Any CPU
		{7AF7E8CF-A90C-4F59-966C-47E3CE75D1DC}.Debug|Any CPU.ActiveCfg = Debug|Any CPU
		{7AF7E8CF-A90C-4F59-966C-47E3CE75D1DC}.Debug|Any CPU.Build.0 = Debug|Any CPU
		{7AF7E8CF-A90C-4F59-966C-47E3CE75D1DC}.Release|Any CPU.ActiveCfg = Release|Any CPU
		{7AF7E8CF-A90C-4F59-966C-47E3CE75D1DC}.Release|Any CPU.Build.0 = Release|Any CPU
		{2B793D5E-A427-4C57-B18F-25A5921EFFC8}.Debug|Any CPU.ActiveCfg = Debug|Any CPU
		{2B793D5E-A427-4C57-B18F-25A5921EFFC8}.Debug|Any CPU.Build.0 = Debug|Any CPU
		{2B793D5E-A427-4C57-B18F-25A5921EFFC8}.Release|Any CPU.ActiveCfg = Release|Any CPU
		{2B793D5E-A427-4C57-B18F-25A5921EFFC8}.Release|Any CPU.Build.0 = Release|Any CPU
	EndGlobalSection
	GlobalSection(SolutionProperties) = preSolution
		HideSolutionNode = FALSE
	EndGlobalSection
EndGlobal
